{
  "requires": true,
  "lockfileVersion": 1,
  "dependencies": {
    "@aws-crypto/sha256-js": {
      "version": "1.2.2",
      "resolved": "https://xfoil-core-796550060731.d.codeartifact.eu-west-1.amazonaws.com/npm/protos-internal/@aws-crypto/sha256-js/-/sha256-js-1.2.2.tgz",
      "integrity": "sha512-Nr1QJIbW/afYYGzYvrF70LtaHrIRtd4TNAglX8BvlfxJLZ45SAmueIKYl5tWoNBPzp65ymXGFK0Bb1vZUpuc9g==",
      "requires": {
        "@aws-crypto/util": "^1.2.2",
        "@aws-sdk/types": "^3.1.0",
        "tslib": "^1.11.1"
      }
    },
    "@aws-crypto/util": {
      "version": "1.2.2",
      "resolved": "https://xfoil-core-796550060731.d.codeartifact.eu-west-1.amazonaws.com/npm/protos-internal/@aws-crypto/util/-/util-1.2.2.tgz",
      "integrity": "sha512-H8PjG5WJ4wz0UXAFXeJjWCW1vkvIJ3qUUD+rGRwJ2/hj+xT58Qle2MTql/2MGzkU+1JLAFuR6aJpLAjHwhmwwg==",
      "requires": {
        "@aws-sdk/types": "^3.1.0",
        "@aws-sdk/util-utf8-browser": "^3.0.0",
        "tslib": "^1.11.1"
      }
    },
    "@aws-sdk/types": {
      "version": "3.418.0",
      "resolved": "https://xfoil-core-796550060731.d.codeartifact.eu-west-1.amazonaws.com/npm/protos-internal/@aws-sdk/types/-/types-3.418.0.tgz",
      "integrity": "sha512-y4PQSH+ulfFLY0+FYkaK4qbIaQI9IJNMO2xsxukW6/aNoApNymN1D2FSi2la8Qbp/iPjNDKsG8suNPm9NtsWXQ==",
      "requires": {
        "@smithy/types": "^2.3.3",
        "tslib": "^2.5.0"
      },
      "dependencies": {
        "tslib": {
          "version": "2.6.2",
          "resolved": "https://xfoil-core-796550060731.d.codeartifact.eu-west-1.amazonaws.com/npm/protos-internal/tslib/-/tslib-2.6.2.tgz",
          "integrity": "sha512-AEYxH93jGFPn/a2iVAwW87VuUIkR1FVUKB77NwMF7nBTDkDrrT/Hpt/IrCJ0QXhW27jTBDcf5ZY7w6RiqTMw2Q=="
        }
      }
    },
    "@aws-sdk/util-utf8-browser": {
      "version": "3.259.0",
      "resolved": "https://xfoil-core-796550060731.d.codeartifact.eu-west-1.amazonaws.com/npm/protos-internal/@aws-sdk/util-utf8-browser/-/util-utf8-browser-3.259.0.tgz",
      "integrity": "sha512-UvFa/vR+e19XookZF8RzFZBrw2EUkQWxiBW0yYQAhvk3C+QVGl0H3ouca8LDBlBfQKXwmW3huo/59H8rwb1wJw==",
      "requires": {
        "tslib": "^2.3.1"
      },
      "dependencies": {
        "tslib": {
          "version": "2.6.2",
          "resolved": "https://xfoil-core-796550060731.d.codeartifact.eu-west-1.amazonaws.com/npm/protos-internal/tslib/-/tslib-2.6.2.tgz",
          "integrity": "sha512-AEYxH93jGFPn/a2iVAwW87VuUIkR1FVUKB77NwMF7nBTDkDrrT/Hpt/IrCJ0QXhW27jTBDcf5ZY7w6RiqTMw2Q=="
        }
      }
    },
    "@smithy/types": {
      "version": "2.3.3",
      "resolved": "https://xfoil-core-796550060731.d.codeartifact.eu-west-1.amazonaws.com/npm/protos-internal/@smithy/types/-/types-2.3.3.tgz",
      "integrity": "sha512-zTdIPR9PvFVNRdIKMQu4M5oyTaycIbUqLheQqaOi9rTWPkgjGO2wDBxMA1rBHQB81aqAEv+DbSS4jfKyQMnXRA==",
      "requires": {
        "tslib": "^2.5.0"
      },
      "dependencies": {
        "tslib": {
          "version": "2.6.2",
          "resolved": "https://xfoil-core-796550060731.d.codeartifact.eu-west-1.amazonaws.com/npm/protos-internal/tslib/-/tslib-2.6.2.tgz",
          "integrity": "sha512-AEYxH93jGFPn/a2iVAwW87VuUIkR1FVUKB77NwMF7nBTDkDrrT/Hpt/IrCJ0QXhW27jTBDcf5ZY7w6RiqTMw2Q=="
        }
      }
    },
    "amazon-cognito-identity-js": {
      "version": "6.3.6",
      "resolved": "https://xfoil-core-796550060731.d.codeartifact.eu-west-1.amazonaws.com/npm/protos-internal/amazon-cognito-identity-js/-/amazon-cognito-identity-js-6.3.6.tgz",
      "integrity": "sha512-kBq+GE6OkLrxtFj3ZduIOlKBFYeOqZK3EhxbDBkv476UTvy+uwfR0tlriTq2QzNdnvlQAjBIXnXuOM7DwR1UEQ==",
      "requires": {
        "@aws-crypto/sha256-js": "1.2.2",
        "buffer": "4.9.2",
        "fast-base64-decode": "^1.0.0",
        "isomorphic-unfetch": "^3.0.0",
        "js-cookie": "^2.2.1"
      }
    },
    "base64-js": {
      "version": "1.5.1",
      "resolved": "https://xfoil-core-796550060731.d.codeartifact.eu-west-1.amazonaws.com/npm/protos-internal/base64-js/-/base64-js-1.5.1.tgz",
      "integrity": "sha512-AKpaYlHn8t4SVbOHCy+b5+KKgvR4vrsD8vbvrbiQJps7fKDTkjkDry6ji0rUJjC0kzbNePLwzxq8iypo41qeWA=="
    },
    "buffer": {
      "version": "4.9.2",
      "resolved": "https://xfoil-core-796550060731.d.codeartifact.eu-west-1.amazonaws.com/npm/protos-internal/buffer/-/buffer-4.9.2.tgz",
      "integrity": "sha512-xq+q3SRMOxGivLhBNaUdC64hDTQwejJ+H0T/NB1XMtTVEwNTrfFF3gAxiyW0Bu/xWEGhjVKgUcMhCrUy2+uCWg==",
      "requires": {
        "base64-js": "^1.0.2",
        "ieee754": "^1.1.4",
        "isarray": "^1.0.0"
      }
    },
    "fast-base64-decode": {
      "version": "1.0.0",
      "resolved": "https://xfoil-core-796550060731.d.codeartifact.eu-west-1.amazonaws.com/npm/protos-internal/fast-base64-decode/-/fast-base64-decode-1.0.0.tgz",
      "integrity": "sha512-qwaScUgUGBYeDNRnbc/KyllVU88Jk1pRHPStuF/lO7B0/RTRLj7U0lkdTAutlBblY08rwZDff6tNU9cjv6j//Q=="
    },
    "ieee754": {
      "version": "1.2.1",
      "resolved": "https://xfoil-core-796550060731.d.codeartifact.eu-west-1.amazonaws.com/npm/protos-internal/ieee754/-/ieee754-1.2.1.tgz",
      "integrity": "sha512-dcyqhDvX1C46lXZcVqCpK+FtMRQVdIMN6/Df5js2zouUsqG7I6sFxitIC+7KYK29KdXOLHdu9zL4sFnoVQnqaA=="
    },
    "isarray": {
      "version": "1.0.0",
      "resolved": "https://xfoil-core-796550060731.d.codeartifact.eu-west-1.amazonaws.com/npm/protos-internal/isarray/-/isarray-1.0.0.tgz",
      "integrity": "sha1-u5NdSFgsuhaMBoNJV6VKPgcSTxE="
    },
    "isomorphic-unfetch": {
      "version": "3.1.0",
      "resolved": "https://xfoil-core-796550060731.d.codeartifact.eu-west-1.amazonaws.com/npm/protos-internal/isomorphic-unfetch/-/isomorphic-unfetch-3.1.0.tgz",
      "integrity": "sha512-geDJjpoZ8N0kWexiwkX8F9NkTsXhetLPVbZFQ+JTW239QNOwvB0gniuR1Wc6f0AMTn7/mFGyXvHTifrCp/GH8Q==",
      "requires": {
        "node-fetch": "^2.6.1",
        "unfetch": "^4.2.0"
      }
    },
    "js-cookie": {
      "version": "2.2.1",
      "resolved": "https://xfoil-core-796550060731.d.codeartifact.eu-west-1.amazonaws.com/npm/protos-internal/js-cookie/-/js-cookie-2.2.1.tgz",
      "integrity": "sha512-HvdH2LzI/EAZcUwA8+0nKNtWHqS+ZmijLA30RwZA0bo7ToCckjK5MkGhjED9KoRcXO6BaGI3I9UIzSA1FKFPOQ=="
    },
    "node-fetch": {
      "version": "2.7.0",
      "resolved": "https://xfoil-core-796550060731.d.codeartifact.eu-west-1.amazonaws.com/npm/protos-internal/node-fetch/-/node-fetch-2.7.0.tgz",
      "integrity": "sha512-c4FRfUm/dbcWZ7U+1Wq0AwCyFL+3nt2bEw05wfxSz+DWpWsitgmSgYmy2dQdWyKC1694ELPqMs/YzUSNozLt8A==",
      "requires": {
        "whatwg-url": "^5.0.0"
      }
    },
    "tr46": {
      "version": "0.0.3",
      "resolved": "https://xfoil-core-796550060731.d.codeartifact.eu-west-1.amazonaws.com/npm/protos-internal/tr46/-/tr46-0.0.3.tgz",
      "integrity": "sha1-gYT9NH2snNwYWZLzpmIuFLnZq2o="
    },
    "tslib": {
      "version": "1.14.1",
      "resolved": "https://xfoil-core-796550060731.d.codeartifact.eu-west-1.amazonaws.com/npm/protos-internal/tslib/-/tslib-1.14.1.tgz",
      "integrity": "sha512-Xni35NKzjgMrwevysHTCArtLDpPvye8zV/0E4EyYn43P7/7qvQwPh9BGkHewbMulVntbigmcT7rdX3BNo9wRJg=="
    },
    "unfetch": {
      "version": "4.2.0",
      "resolved": "https://xfoil-core-796550060731.d.codeartifact.eu-west-1.amazonaws.com/npm/protos-internal/unfetch/-/unfetch-4.2.0.tgz",
      "integrity": "sha512-F9p7yYCn6cIW9El1zi0HI6vqpeIvBsr3dSuRO6Xuppb1u5rXpCPmMvLSyECLhybr9isec8Ohl0hPekMVrEinDA=="
    },
    "webidl-conversions": {
      "version": "3.0.1",
      "resolved": "https://xfoil-core-796550060731.d.codeartifact.eu-west-1.amazonaws.com/npm/protos-internal/webidl-conversions/-/webidl-conversions-3.0.1.tgz",
      "integrity": "sha1-JFNCdeKnvGvnvIZhHMFq4KVlSHE="
    },
    "whatwg-url": {
      "version": "5.0.0",
      "resolved": "https://xfoil-core-796550060731.d.codeartifact.eu-west-1.amazonaws.com/npm/protos-internal/whatwg-url/-/whatwg-url-5.0.0.tgz",
      "integrity": "sha1-lmRU6HZUYuN2RNNib2dCzotwll0=",
      "requires": {
        "tr46": "~0.0.3",
        "webidl-conversions": "^3.0.0"
      }
    }
  }
}
